
Microsoft Visual Studio Solution File, Format Version 12.00
# Visual Studio 15
VisualStudioVersion = 15.0.28010.2050
MinimumVisualStudioVersion = 10.0.40219.1
Project("{FAE04EC0-301F-11D3-BF4B-00C04F79EFBC}") = "BS", "BS\BS.csproj", "{19CF1071-238D-4308-846A-A4EFA08E7FD9}"
EndProject
Global
	GlobalSection(SolutionConfigurationPlatforms) = preSolution
		Debug|Any CPU = Debug|Any CPU
		Release|Any CPU = Release|Any CPU
	EndGlobalSection
	GlobalSection(ProjectConfigurationPlatforms) = postSolution
		{19CF1071-238D-4308-846A-A4EFA08E7FD9}.Debug|Any CPU.ActiveCfg = Debug|Any CPU
		{19CF1071-238D-4308-846A-A4EFA08E7FD9}.Debug|Any CPU.Build.0 = Debug|Any CPU
		{19CF1071-238D-4308-846A-A4EFA08E7FD9}.Release|Any CPU.ActiveCfg = Release|Any CPU
		{19CF1071-238D-4308-846A-A4EFA08E7FD9}.Release|Any CPU.Build.0 = Release|Any CPU
	EndGlobalSection
	GlobalSection(SolutionProperties) = preSolution
		HideSolutionNode = FALSE
	EndGlobalSection
	GlobalSection(ExtensibilityGlobals) = postSolution
		SolutionGuid = {3B4C99E7-0BC0-438E-B1C8-45870D637490}
	EndGlobalSection
EndGlobal
